// !$*UTF8*$!
{
	archiveVersion = 1;
	classes = {
	};
	objectVersion = 77;
	objects = {

/* Begin PBXContainerItemProxy section */
		5A0E5BB52F85C800003533AC /* PBXContainerItemProxy */ = {
			isa = PBXContainerItemProxy;
			containerPortal = 5A0E5B9F2F85C7FD003533AC /* Project object */;
			proxyType = 1;
			remoteGlobalIDString = 5A0E5BA62F85C7FD003533AC;
			remoteInfo = "cam cam";
		};
		5A0E5BBF2F85C800003533AC /* PBXContainerItemProxy */ = {
			isa = PBXContainerItemProxy;
			containerPortal = 5A0E5B9F2F85C7FD003533AC /* Project object */;
			proxyType = 1;
			remoteGlobalIDString = 5A0E5BA62F85C7FD003533AC;
			remoteInfo = "cam cam";
		};
		5AD4B74B2FAF718A00BFEAB0 /* PBXContainerItemProxy */ = {
			isa = PBXContainerItemProxy;
			containerPortal = 5A0E5B9F2F85C7FD003533AC /* Project object */;
			proxyType = 1;
			remoteGlobalIDString = 5AD4B73D2FAF718800BFEAB0;
			remoteInfo = "cam cam Watch App Watch App";
		};
		5AD4B7552FAF718A00BFEAB0 /* PBXContainerItemProxy */ = {
			isa = PBXContainerItemProxy;
			containerPortal = 5A0E5B9F2F85C7FD003533AC /* Project object */;
			proxyType = 1;
			remoteGlobalIDString = 5AD4B73D2FAF718800BFEAB0;
			remoteInfo = "cam cam Watch App Watch App";
		};
/* End PBXContainerItemProxy section */

/* Begin PBXFileReference section */
		5A0E5BA72F85C7FD003533AC /* cam cam.app */ = {isa = PBXFileReference; explicitFileType = wrapper.application; includeInIndex = 0; path = "cam cam.app"; sourceTree = BUILT_PRODUCTS_DIR; };
		5A0E5BB42F85C800003533AC /* cam camTests.xctest */ = {isa = PBXFileReference; explicitFileType = wrapper.cfbundle; includeInIndex = 0; path = "cam camTests.xctest"; sourceTree = BUILT_PRODUCTS_DIR; };
		5A0E5BBE2F85C800003533AC /* cam camUITests.xctest */ = {isa = PBXFileReference; explicitFileType = wrapper.cfbundle; includeInIndex = 0; path = "cam camUITests.xctest"; sourceTree = BUILT_PRODUCTS_DIR; };
		5AD4B73E2FAF718800BFEAB0 /* cam cam Watch App Watch App.app */ = {isa = PBXFileReference; explicitFileType = wrapper.application; includeInIndex = 0; path = "cam cam Watch App Watch App.app"; sourceTree = BUILT_PRODUCTS_DIR; };
		5AD4B74A2FAF718A00BFEAB0 /* cam cam Watch App Watch AppTests.xctest */ = {isa = PBXFileReference; explicitFileType = wrapper.cfbundle; includeInIndex = 0; path = "cam cam Watch App Watch AppTests.xctest"; sourceTree = BUILT_PRODUCTS_DIR; };
		5AD4B7542FAF718A00BFEAB0 /* cam cam Watch App Watch AppUITests.xctest */ = {isa = PBXFileReference; explicitFileType = wrapper.cfbundle; includeInIndex = 0; path = "cam cam Watch App Watch AppUITests.xctest"; sourceTree = BUILT_PRODUCTS_DIR; };
/* End PBXFileReference section */

/* Begin PBXFileSystemSynchronizedRootGroup section */
		5A0E5BA92F85C7FD003533AC /* cam cam */ = {
			isa = PBXFileSystemSynchronizedRootGroup;
			path = "cam cam";
			sourceTree = "<group>";
		};
		5A0E5BB72F85C800003533AC /* cam camTests */ = {
			isa = PBXFileSystemSynchronizedRootGroup;
			path = "cam camTests";
			sourceTree = "<group>";
		};
		5A0E5BC12F85C800003533AC /* cam camUITests */ = {
			isa = PBXFileSystemSynchronizedRootGroup;
			path = "cam camUITests";
			sourceTree = "<group>";
		};
		5AD4B73F2FAF718800BFEAB0 /* cam cam Watch App Watch App */ = {
			isa = PBXFileSystemSynchronizedRootGroup;
			path = "cam cam Watch App Watch App";
			sourceTree = "<group>";
		};
		5AD4B74D2FAF718A00BFEAB0 /* cam cam Watch App Watch AppTests */ = {
			isa = PBXFileSystemSynchronizedRootGroup;
			path = "cam cam Watch App Watch AppTests";
			sourceTree = "<group>";
		};
		5AD4B7572FAF718A00BFEAB0 /* cam cam Watch App Watch AppUITests */ = {
			isa = PBXFileSystemSynchronizedRootGroup;
			path = "cam cam Watch App Watch AppUITests";
			sourceTree = "<group>";
		};
/* End PBXFileSystemSynchronizedRootGroup section */

/* Begin PBXFrameworksBuildPhase section */
		5A0E5BA42F85C7FD003533AC /* Frameworks */ = {
			isa = PBXFrameworksBuildPhase;
			buildActionMask = 2147483647;
			files = (
			);
			runOnlyForDeploymentPostprocessing = 0;
		};
		5A0E5BB12F85C800003533AC /* Frameworks */ = {
			isa = PBXFrameworksBuildPhase;
			buildActionMask = 2147483647;
			files = (
			);
			runOnlyForDeploymentPostprocessing = 0;
		};
		5A0E5BBB2F85C800003533AC /* Frameworks */ = {
			isa = PBXFrameworksBuildPhase;
			buildActionMask = 2147483647;
			files = (
			);
			runOnlyForDeploymentPostprocessing = 0;
		};
		5AD4B73B2FAF718800BFEAB0 /* Frameworks */ = {
			isa = PBXFrameworksBuildPhase;
			buildActionMask = 2147483647;
			files = (
			);
			runOnlyForDeploymentPostprocessing = 0;
		};
		5AD4B7472FAF718A00BFEAB0 /* Frameworks */ = {
			isa = PBXFrameworksBuildPhase;
			buildActionMask = 2147483647;
			files = (
			);
			runOnlyForDeploymentPostprocessing = 0;
		};
		5AD4B7512FAF718A00BFEAB0 /* Frameworks */ = {
			isa = PBXFrameworksBuildPhase;
			buildActionMask = 2147483647;
			files = (
			);
			runOnlyForDeploymentPostprocessing = 0;
		};
/* End PBXFrameworksBuildPhase section */

/* Begin PBXGroup section */
		5A0E5B9E2F85C7FD003533AC = {
			isa = PBXGroup;
			children = (
				5A0E5BA92F85C7FD003533AC /* cam cam */,
				5A0E5BB72F85C800003533AC /* cam camTests */,
				5A0E5BC12F85C800003533AC /* cam camUITests */,
				5AD4B73F2FAF718800BFEAB0 /* cam cam Watch App Watch App */,
				5AD4B74D2FAF718A00BFEAB0 /* cam cam Watch App Watch AppTests */,
				5AD4B7572FAF718A00BFEAB0 /* cam cam Watch App Watch AppUITests */,
				5A0E5BA82F85C7FD003533AC /* Products */,
			);
			sourceTree = "<group>";
		};
		5A0E5BA82F85C7FD003533AC /* Products */ = {
			isa = PBXGroup;
			children = (
				5A0E5BA72F85C7FD003533AC /* cam cam.app */,
				5A0E5BB42F85C800003533AC /* cam camTests.xctest */,
				5A0E5BBE2F85C800003533AC /* cam camUITests.xctest */,
				5AD4B73E2FAF718800BFEAB0 /* cam cam Watch App Watch App.app */,
				5AD4B74A2FAF718A00BFEAB0 /* cam cam Watch App Watch AppTests.xctest */,
				5AD4B7542FAF718A00BFEAB0 /* cam cam Watch App Watch AppUITests.xctest */,
			);
			name = Products;
			sourceTree = "<group>";
		};
/* End PBXGroup section */

/* Begin PBXNativeTarget section */
		5A0E5BA62F85C7FD003533AC /* cam cam */ = {
			isa = PBXNativeTarget;
			buildConfigurationList = 5A0E5BC82F85C800003533AC /* Build configuration list for PBXNativeTarget "cam cam" */;
			buildPhases = (
				5A0E5BA32F85C7FD003533AC /* Sources */,
				5A0E5BA42F85C7FD003533AC /* Frameworks */,
				5A0E5BA52F85C7FD003533AC /* Resources */,
			);
			buildRules = (
			);
			dependencies = (
			);
			fileSystemSynchronizedGroups = (
				5A0E5BA92F85C7FD003533AC /* cam cam */,
			);
			name = "cam cam";
			packageProductDependencies = (
			);
			productName = "cam cam";
			productReference = 5A0E5BA72F85C7FD003533AC /* cam cam.app */;
			productType = "com.apple.product-type.application";
		};
		5A0E5BB32F85C800003533AC /* cam camTests */ = {
			isa = PBXNativeTarget;
			buildConfigurationList = 5A0E5BCB2F85C800003533AC /* Build configuration list for PBXNativeTarget "cam camTests" */;
			buildPhases = (
				5A0E5BB02F85C800003533AC /* Sources */,
				5A0E5BB12F85C800003533AC /* Frameworks */,
				5A0E5BB22F85C800003533AC /* Resources */,
			);
			buildRules = (
			);
			dependencies = (
				5A0E5BB62F85C800003533AC /* PBXTargetDependency */,
			);
			fileSystemSynchronizedGroups = (
				5A0E5BB72F85C800003533AC /* cam camTests */,
			);
			name = "cam camTests";
			packageProductDependencies = (
			);
			productName = "cam camTests";
			productReference = 5A0E5BB42F85C800003533AC /* cam camTests.xctest */;
			productType = "com.apple.product-type.bundle.unit-test";
		};
		5A0E5BBD2F85C800003533AC /* cam camUITests */ = {
			isa = PBXNativeTarget;
			buildConfigurationList = 5A0E5BCE2F85C800003533AC /* Build configuration list for PBXNativeTarget "cam camUITests" */;
			buildPhases = (
				5A0E5BBA2F85C800003533AC /* Sources */,
				5A0E5BBB2F85C800003533AC /* Frameworks */,
				5A0E5BBC2F85C800003533AC /* Resources */,
			);
			buildRules = (
			);
			dependencies = (
				5A0E5BC02F85C800003533AC /* PBXTargetDependency */,
			);
			fileSystemSynchronizedGroups = (
				5A0E5BC12F85C800003533AC /* cam camUITests */,
			);
			name = "cam camUITests";
			packageProductDependencies = (
			);
			productName = "cam camUITests";
			productReference = 5A0E5BBE2F85C800003533AC /* cam camUITests.xctest */;
			productType = "com.apple.product-type.bundle.ui-testing";
		};
		5AD4B73D2FAF718800BFEAB0 /* cam cam Watch App Watch App */ = {
			isa = PBXNativeTarget;
			buildConfigurationList = 5AD4B75F2FAF718A00BFEAB0 /* Build configuration list for PBXNativeTarget "cam cam Watch App Watch App" */;
			buildPhases = (
				5AD4B73A2FAF718800BFEAB0 /* Sources */,
				5AD4B73B2FAF718800BFEAB0 /* Frameworks */,
				5AD4B73C2FAF718800BFEAB0 /* Resources */,
			);
			buildRules = (
			);
			dependencies = (
			);
			fileSystemSynchronizedGroups = (
				5AD4B73F2FAF718800BFEAB0 /* cam cam Watch App Watch App */,
			);
			name = "cam cam Watch App Watch App";
			packageProductDependencies = (
			);
			productName = "cam cam Watch App Watch App";
			productReference = 5AD4B73E2FAF718800BFEAB0 /* cam cam Watch App Watch App.app */;
			productType = "com.apple.product-type.application";
		};
		5AD4B7492FAF718A00BFEAB0 /* cam cam Watch App Watch AppTests */ = {
			isa = PBXNativeTarget;
			buildConfigurationList = 5AD4B7632FAF718A00BFEAB0 /* Build configuration list for PBXNativeTarget "cam cam Watch App Watch AppTests" */;
			buildPhases = (
				5AD4B7462FAF718A00BFEAB0 /* Sources */,
				5AD4B7472FAF718A00BFEAB0 /* Frameworks */,
				5AD4B7482FAF718A00BFEAB0 /* Resources */,
			);
			buildRules = (
			);
			dependencies = (
				5AD4B74C2FAF718A00BFEAB0 /* PBXTargetDependency */,
			);
			fileSystemSynchronizedGroups = (
				5AD4B74D2FAF718A00BFEAB0 /* cam cam Watch App Watch AppTests */,
			);
			name = "cam cam Watch App Watch AppTests";
			packageProductDependencies = (
			);
			productName = "cam cam Watch App Watch AppTests";
			productReference = 5AD4B74A2FAF718A00BFEAB0 /* cam cam Watch App Watch AppTests.xctest */;
			productType = "com.apple.product-type.bundle.unit-test";
		};
		5AD4B7532FAF718A00BFEAB0 /* cam cam Watch App Watch AppUITests */ = {
			isa = PBXNativeTarget;
			buildConfigurationList = 5AD4B7662FAF718A00BFEAB0 /* Build configuration list for PBXNativeTarget "cam cam Watch App Watch AppUITests" */;
			buildPhases = (
				5AD4B7502FAF718A00BFEAB0 /* Sources */,
				5AD4B7512FAF718A00BFEAB0 /* Frameworks */,
				5AD4B7522FAF718A00BFEAB0 /* Resources */,
			);
			buildRules = (
			);
			dependencies = (
				5AD4B7562FAF718A00BFEAB0 /* PBXTargetDependency */,
			);
			fileSystemSynchronizedGroups = (
				5AD4B7572FAF718A00BFEAB0 /* cam cam Watch App Watch AppUITests */,
			);
			name = "cam cam Watch App Watch AppUITests";
			packageProductDependencies = (
			);
			productName = "cam cam Watch App Watch AppUITests";
			productReference = 5AD4B7542FAF718A00BFEAB0 /* cam cam Watch App Watch AppUITests.xctest */;
			productType = "com.apple.product-type.bundle.ui-testing";
		};
/* End PBXNativeTarget section */

/* Begin PBXProject section */
		5A0E5B9F2F85C7FD003533AC /* Project object */ = {
			isa = PBXProject;
			attributes = {
				BuildIndependentTargetsInParallel = 1;
				LastSwiftUpdateCheck = 2640;
				LastUpgradeCheck = 2640;
				TargetAttributes = {
					5A0E5BA62F85C7FD003533AC = {
						CreatedOnToolsVersion = 26.3;
					};
					5A0E5BB32F85C800003533AC = {
						CreatedOnToolsVersion = 26.3;
						TestTargetID = 5A0E5BA62F85C7FD003533AC;
					};
					5A0E5BBD2F85C800003533AC = {
						CreatedOnToolsVersion = 26.3;
						TestTargetID = 5A0E5BA62F85C7FD003533AC;
					};
					5AD4B73D2FAF718800BFEAB0 = {
						CreatedOnToolsVersion = 26.4;
					};
					5AD4B7492FAF718A00BFEAB0 = {
						CreatedOnToolsVersion = 26.4;
						TestTargetID = 5AD4B73D2FAF718800BFEAB0;
					};
					5AD4B7532FAF718A00BFEAB0 = {
						CreatedOnToolsVersion = 26.4;
						TestTargetID = 5AD4B73D2FAF718800BFEAB0;
					};
				};
			};
			buildConfigurationList = 5A0E5BA22F85C7FD003533AC /* Build configuration list for PBXProject "cam cam" */;
			developmentRegion = en;
			hasScannedForEncodings = 0;
			knownRegions = (
				en,
				Base,
			);
			mainGroup = 5A0E5B9E2F85C7FD003533AC;
			minimizedProjectReferenceProxies = 1;
			preferredProjectObjectVersion = 77;
			productRefGroup = 5A0E5BA82F85C7FD003533AC /* Products */;
			projectDirPath = "";
			projectRoot = "";
			targets = (
				5A0E5BA62F85C7FD003533AC /* cam cam */,
				5A0E5BB32F85C800003533AC /* cam camTests */,
				5A0E5BBD2F85C800003533AC /* cam camUITests */,
				5AD4B73D2FAF718800BFEAB0 /* cam cam Watch App Watch App */,
				5AD4B7492FAF718A00BFEAB0 /* cam cam Watch App Watch AppTests */,
				5AD4B7532FAF718A00BFEAB0 /* cam cam Watch App Watch AppUITests */,
			);
		};
/* End PBXProject section */

/* Begin PBXResourcesBuildPhase section */
		5A0E5BA52F85C7FD003533AC /* Resources */ = {
			isa = PBXResourcesBuildPhase;
			buildActionMask = 2147483647;
			files = (
			);
			runOnlyForDeploymentPostprocessing = 0;
		};
		5A0E5BB22F85C800003533AC /* Resources */ = {
			isa = PBXResourcesBuildPhase;
			buildActionMask = 2147483647;
			files = (
			);
			runOnlyForDeploymentPostprocessing = 0;
		};
		5A0E5BBC2F85C800003533AC /* Resources */ = {
			isa = PBXResourcesBuildPhase;
			buildActionMask = 2147483647;
			files = (
			);
			runOnlyForDeploymentPostprocessing = 0;
		};
		5AD4B73C2FAF718800BFEAB0 /* Resources */ = {
			isa = PBXResourcesBuildPhase;
			buildActionMask = 2147483647;
			files = (
			);
			runOnlyForDeploymentPostprocessing = 0;
		};
		5AD4B7482FAF718A00BFEAB0 /* Resources */ = {
			isa = PBXResourcesBuildPhase;
			buildActionMask = 2147483647;
			files = (
			);
			runOnlyForDeploymentPostprocessing = 0;
		};
		5AD4B7522FAF718A00BFEAB0 /* Resources */ = {
			isa = PBXResourcesBuildPhase;
			buildActionMask = 2147483647;
			files = (
			);
			runOnlyForDeploymentPostprocessing = 0;
		};
/* End PBXResourcesBuildPhase section */

/* Begin PBXSourcesBuildPhase section */
		5A0E5BA32F85C7FD003533AC /* Sources */ = {
			isa = PBXSourcesBuildPhase;
			buildActionMask = 2147483647;
			files = (
			);
			runOnlyForDeploymentPostprocessing = 0;
		};
		5A0E5BB02F85C800003533AC /* Sources */ = {
			isa = PBXSourcesBuildPhase;
			buildActionMask = 2147483647;
			files = (
			);
			runOnlyForDeploymentPostprocessing = 0;
		};
		5A0E5BBA2F85C800003533AC /* Sources */ = {
			isa = PBXSourcesBuildPhase;
			buildActionMask = 2147483647;
			files = (
			);
			runOnlyForDeploymentPostprocessing = 0;
		};
		5AD4B73A2FAF718800BFEAB0 /* Sources */ = {
			isa = PBXSourcesBuildPhase;
			buildActionMask = 2147483647;
			files = (
			);
			runOnlyForDeploymentPostprocessing = 0;
		};
		5AD4B7462FAF718A00BFEAB0 /* Sources */ = {
			isa = PBXSourcesBuildPhase;
			buildActionMask = 2147483647;
			files = (
			);
			runOnlyForDeploymentPostprocessing = 0;
		};
		5AD4B7502FAF718A00BFEAB0 /* Sources */ = {
			isa = PBXSourcesBuildPhase;
			buildActionMask = 2147483647;
			files = (
			);
			runOnlyForDeploymentPostprocessing = 0;
		};
/* End PBXSourcesBuildPhase section */

/* Begin PBXTargetDependency section */
		5A0E5BB62F85C800003533AC /* PBXTargetDependency */ = {
			isa = PBXTargetDependency;
			target = 5A0E5BA62F85C7FD003533AC /* cam cam */;
			targetProxy = 5A0E5BB52F85C800003533AC /* PBXContainerItemProxy */;
		};
		5A0E5BC02F85C800003533AC /* PBXTargetDependency */ = {
			isa = PBXTargetDependency;
			target = 5A0E5BA62F85C7FD003533AC /* cam cam */;
			targetProxy = 5A0E5BBF2F85C800003533AC /* PBXContainerItemProxy */;
		};
		5AD4B74C2FAF718A00BFEAB0 /* PBXTargetDependency */ = {
			isa = PBXTargetDependency;
			target = 5AD4B73D2FAF718800BFEAB0 /* cam cam Watch App Watch App */;
			targetProxy = 5AD4B74B2FAF718A00BFEAB0 /* PBXContainerItemProxy */;
		};
		5AD4B7562FAF718A00BFEAB0 /* PBXTargetDependency */ = {
			isa = PBXTargetDependency;
			target = 5AD4B73D2FAF718800BFEAB0 /* cam cam Watch App Watch App */;
			targetProxy = 5AD4B7552FAF718A00BFEAB0 /* PBXContainerItemProxy */;
		};
/* End PBXTargetDependency section */

/* Begin XCBuildConfiguration section */
		5A0E5BC62F85C800003533AC /* Debug */ = {
			isa = XCBuildConfiguration;
			buildSettings = {
				ALWAYS_SEARCH_USER_PATHS = NO;
				ASSETCATALOG_COMPILER_GENERATE_SWIFT_ASSET_SYMBOL_EXTENSIONS = YES;
				CLANG_ANALYZER_NONNULL = YES;
				CLANG_ANALYZER_NUMBER_OBJECT_CONVERSION = YES_AGGRESSIVE;
				CLANG_CXX_LANGUAGE_STANDARD = "gnu++20";
				CLANG_ENABLE_MODULES = YES;
				CLANG_ENABLE_OBJC_ARC = YES;
				CLANG_ENABLE_OBJC_WEAK = YES;
				CLANG_WARN_BLOCK_CAPTURE_AUTORELEASING = YES;
				CLANG_WARN_BOOL_CONVERSION = YES;
				CLANG_WARN_COMMA = YES;
				CLANG_WARN_CONSTANT_CONVERSION = YES;
				CLANG_WARN_DEPRECATED_OBJC_IMPLEMENTATIONS = YES;
				CLANG_WARN_DIRECT_OBJC_ISA_USAGE = YES_ERROR;
				CLANG_WARN_DOCUMENTATION_COMMENTS = YES;
				CLANG_WARN_EMPTY_BODY = YES;
				CLANG_WARN_ENUM_CONVERSION = YES;
				CLANG_WARN_INFINITE_RECURSION = YES;
				CLANG_WARN_INT_CONVERSION = YES;
				CLANG_WARN_NON_LITERAL_NULL_CONVERSION = YES;
				CLANG_WARN_OBJC_IMPLICIT_RETAIN_SELF = YES;
				CLANG_WARN_OBJC_LITERAL_CONVERSION = YES;
				CLANG_WARN_OBJC_ROOT_CLASS = YES_ERROR;
				CLANG_WARN_QUOTED_INCLUDE_IN_FRAMEWORK_HEADER = YES;
				CLANG_WARN_RANGE_LOOP_ANALYSIS = YES;
				CLANG_WARN_STRICT_PROTOTYPES = YES;
				CLANG_WARN_SUSPICIOUS_MOVE = YES;
				CLANG_WARN_UNGUARDED_AVAILABILITY = YES_AGGRESSIVE;
				CLANG_WARN_UNREACHABLE_CODE = YES;
				CLANG_WARN__DUPLICATE_METHOD_MATCH = YES;
				COPY_PHASE_STRIP = NO;
				DEAD_CODE_STRIPPING = YES;
				DEBUG_INFORMATION_FORMAT = dwarf;
				ENABLE_STRICT_OBJC_MSGSEND = YES;
				ENABLE_TESTABILITY = YES;
				ENABLE_USER_SCRIPT_SANDBOXING = YES;
				GCC_C_LANGUAGE_STANDARD = gnu17;
				GCC_DYNAMIC_NO_PIC = NO;
				GCC_NO_COMMON_BLOCKS = YES;
				GCC_OPTIMIZATION_LEVEL = 0;
				GCC_PREPROCESSOR_DEFINITIONS = (
					"DEBUG=1",
					"$(inherited)",
				);
				GCC_WARN_64_TO_32_BIT_CONVERSION = YES;
				GCC_WARN_ABOUT_RETURN_TYPE = YES_ERROR;
				GCC_WARN_UNDECLARED_SELECTOR = YES;
				GCC_WARN_UNINITIALIZED_AUTOS = YES_AGGRESSIVE;
				GCC_WARN_UNUSED_FUNCTION = YES;
				GCC_WARN_UNUSED_VARIABLE = YES;
				LOCALIZATION_PREFERS_STRING_CATALOGS = YES;
				MTL_ENABLE_DEBUG_INFO = INCLUDE_SOURCE;
				MTL_FAST_MATH = YES;
				ONLY_ACTIVE_ARCH = YES;
				STRING_CATALOG_GENERATE_SYMBOLS = YES;
				SWIFT_ACTIVE_COMPILATION_CONDITIONS = "DEBUG $(inherited)";
				SWIFT_OPTIMIZATION_LEVEL = "-Onone";
			};
			name = Debug;
		};
		5A0E5BC72F85C800003533AC /* Release */ = {
			isa = XCBuildConfiguration;
			buildSettings = {
				ALWAYS_SEARCH_USER_PATHS = NO;
				ASSETCATALOG_COMPILER_GENERATE_SWIFT_ASSET_SYMBOL_EXTENSIONS = YES;
				CLANG_ANALYZER_NONNULL = YES;
				CLANG_ANALYZER_NUMBER_OBJECT_CONVERSION = YES_AGGRESSIVE;
				CLANG_CXX_LANGUAGE_STANDARD = "gnu++20";
				CLANG_ENABLE_MODULES = YES;
				CLANG_ENABLE_OBJC_ARC = YES;
				CLANG_ENABLE_OBJC_WEAK = YES;
				CLANG_WARN_BLOCK_CAPTURE_AUTORELEASING = YES;
				CLANG_WARN_BOOL_CONVERSION = YES;
				CLANG_WARN_COMMA = YES;
				CLANG_WARN_CONSTANT_CONVERSION = YES;
				CLANG_WARN_DEPRECATED_OBJC_IMPLEMENTATIONS = YES;
				CLANG_WARN_DIRECT_OBJC_ISA_USAGE = YES_ERROR;
				CLANG_WARN_DOCUMENTATION_COMMENTS = YES;
				CLANG_WARN_EMPTY_BODY = YES;
				CLANG_WARN_ENUM_CONVERSION = YES;
				CLANG_WARN_INFINITE_RECURSION = YES;
				CLANG_WARN_INT_CONVERSION = YES;
				CLANG_WARN_NON_LITERAL_NULL_CONVERSION = YES;
				CLANG_WARN_OBJC_IMPLICIT_RETAIN_SELF = YES;
				CLANG_WARN_OBJC_LITERAL_CONVERSION = YES;
				CLANG_WARN_OBJC_ROOT_CLASS = YES_ERROR;
				CLANG_WARN_QUOTED_INCLUDE_IN_FRAMEWORK_HEADER = YES;
				CLANG_WARN_RANGE_LOOP_ANALYSIS = YES;
				CLANG_WARN_STRICT_PROTOTYPES = YES;
				CLANG_WARN_SUSPICIOUS_MOVE = YES;
				CLANG_WARN_UNGUARDED_AVAILABILITY = YES_AGGRESSIVE;
				CLANG_WARN_UNREACHABLE_CODE = YES;
				CLANG_WARN__DUPLICATE_METHOD_MATCH = YES;
				COPY_PHASE_STRIP = NO;
				DEAD_CODE_STRIPPING = YES;
				DEBUG_INFORMATION_FORMAT = "dwarf-with-dsym";
				ENABLE_NS_ASSERTIONS = NO;
				ENABLE_STRICT_OBJC_MSGSEND = YES;
				ENABLE_USER_SCRIPT_SANDBOXING = YES;
				GCC_C_LANGUAGE_STANDARD = gnu17;
				GCC_NO_COMMON_BLOCKS = YES;
				GCC_WARN_64_TO_32_BIT_CONVERSION = YES;
				GCC_WARN_ABOUT_RETURN_TYPE = YES_ERROR;
				GCC_WARN_UNDECLARED_SELECTOR = YES;
				GCC_WARN_UNINITIALIZED_AUTOS = YES_AGGRESSIVE;
				GCC_WARN_UNUSED_FUNCTION = YES;
				GCC_WARN_UNUSED_VARIABLE = YES;
				LOCALIZATION_PREFERS_STRING_CATALOGS = YES;
				MTL_ENABLE_DEBUG_INFO = NO;
				MTL_FAST_MATH = YES;
				STRING_CATALOG_GENERATE_SYMBOLS = YES;
				SWIFT_COMPILATION_MODE = wholemodule;
			};
			name = Release;
		};
		5A0E5BC92F85C800003533AC /* Debug */ = {
			isa = XCBuildConfiguration;
			buildSettings = {
				ASSETCATALOG_COMPILER_APPICON_NAME = AppIcon;
				ASSETCATALOG_COMPILER_GLOBAL_ACCENT_COLOR_NAME = AccentColor;
				CODE_SIGN_STYLE = Automatic;
				CURRENT_PROJECT_VERSION = 1;
				DEAD_CODE_STRIPPING = YES;
				DEVELOPMENT_TEAM = FHHURXNS32;
				ENABLE_APP_SANDBOX = YES;
				ENABLE_PREVIEWS = YES;
				ENABLE_USER_SELECTED_FILES = readonly;
				GENERATE_INFOPLIST_FILE = NO;
				INFOPLIST_FILE = Info.plist;
				IPHONEOS_DEPLOYMENT_TARGET = 26.2;
				LD_RUNPATH_SEARCH_PATHS = "@executable_path/Frameworks";
				"LD_RUNPATH_SEARCH_PATHS[sdk=macosx*]" = "@executable_path/../Frameworks";
				MACOSX_DEPLOYMENT_TARGET = 26.2;
				MARKETING_VERSION = 1.0;
				PRODUCT_BUNDLE_IDENTIFIER = "idk.cam-cam";
				PRODUCT_NAME = "$(TARGET_NAME)";
				REGISTER_APP_GROUPS = YES;
				SDKROOT = auto;
				STRING_CATALOG_GENERATE_SYMBOLS = YES;
				SUPPORTED_PLATFORMS = "iphoneos iphonesimulator macosx xros xrsimulator";
				SWIFT_APPROACHABLE_CONCURRENCY = YES;
				SWIFT_DEFAULT_ACTOR_ISOLATION = MainActor;
				SWIFT_EMIT_LOC_STRINGS = YES;
				SWIFT_UPCOMING_FEATURE_MEMBER_IMPORT_VISIBILITY = YES;
				SWIFT_VERSION = 5.0;
				TARGETED_DEVICE_FAMILY = "1,2,7";
				XROS_DEPLOYMENT_TARGET = 26.2;
			};
			name = Debug;
		};
		5A0E5BCA2F85C800003533AC /* Release */ = {
			isa = XCBuildConfiguration;
			buildSettings = {
				ASSETCATALOG_COMPILER_APPICON_NAME = AppIcon;
				ASSETCATALOG_COMPILER_GLOBAL_ACCENT_COLOR_NAME = AccentColor;
				CODE_SIGN_STYLE = Automatic;
				CURRENT_PROJECT_VERSION = 1;
				DEAD_CODE_STRIPPING = YES;
				DEVELOPMENT_TEAM = FHHURXNS32;
				ENABLE_APP_SANDBOX = YES;
				ENABLE_PREVIEWS = YES;
				ENABLE_USER_SELECTED_FILES = readonly;
				GENERATE_INFOPLIST_FILE = NO;
				INFOPLIST_FILE = Info.plist;
				IPHONEOS_DEPLOYMENT_TARGET = 26.2;
				LD_RUNPATH_SEARCH_PATHS = "@executable_path/Frameworks";
				"LD_RUNPATH_SEARCH_PATHS[sdk=macosx*]" = "@executable_path/../Frameworks";
				MACOSX_DEPLOYMENT_TARGET = 26.2;
				MARKETING_VERSION = 1.0;
				PRODUCT_BUNDLE_IDENTIFIER = "idk.cam-cam";
				PRODUCT_NAME = "$(TARGET_NAME)";
				REGISTER_APP_GROUPS = YES;
				SDKROOT = auto;
				STRING_CATALOG_GENERATE_SYMBOLS = YES;
				SUPPORTED_PLATFORMS = "iphoneos iphonesimulator macosx xros xrsimulator";
				SWIFT_APPROACHABLE_CONCURRENCY = YES;
				SWIFT_DEFAULT_ACTOR_ISOLATION = MainActor;
				SWIFT_EMIT_LOC_STRINGS = YES;
				SWIFT_UPCOMING_FEATURE_MEMBER_IMPORT_VISIBILITY = YES;
				SWIFT_VERSION = 5.0;
				TARGETED_DEVICE_FAMILY = "1,2,7";
				XROS_DEPLOYMENT_TARGET = 26.2;
			};
			name = Release;
		};
		5A0E5BCC2F85C800003533AC /* Debug */ = {
			isa = XCBuildConfiguration;
			buildSettings = {
				BUNDLE_LOADER = "$(TEST_HOST)";
				CODE_SIGN_STYLE = Automatic;
				CURRENT_PROJECT_VERSION = 1;
				DEAD_CODE_STRIPPING = YES;
				GENERATE_INFOPLIST_FILE = YES;
				IPHONEOS_DEPLOYMENT_TARGET = 26.2;
				MACOSX_DEPLOYMENT_TARGET = 26.2;
				MARKETING_VERSION = 1.0;
				PRODUCT_BUNDLE_IDENTIFIER = "idk.cam-camTests";
				PRODUCT_NAME = "$(TARGET_NAME)";
				SDKROOT = auto;
				STRING_CATALOG_GENERATE_SYMBOLS = NO;
				SUPPORTED_PLATFORMS = "iphoneos iphonesimulator macosx xros xrsimulator";
				SWIFT_APPROACHABLE_CONCURRENCY = YES;
				SWIFT_EMIT_LOC_STRINGS = NO;
				SWIFT_UPCOMING_FEATURE_MEMBER_IMPORT_VISIBILITY = YES;
				SWIFT_VERSION = 5.0;
				TARGETED_DEVICE_FAMILY = "1,2,7";
				TEST_HOST = "$(BUILT_PRODUCTS_DIR)/cam cam.app/$(BUNDLE_EXECUTABLE_FOLDER_PATH)/cam cam";
				XROS_DEPLOYMENT_TARGET = 26.2;
			};
			name = Debug;
		};
		5A0E5BCD2F85C800003533AC /* Release */ = {
			isa = XCBuildConfiguration;
			buildSettings = {
				BUNDLE_LOADER = "$(TEST_HOST)";
				CODE_SIGN_STYLE = Automatic;
				CURRENT_PROJECT_VERSION = 1;
				DEAD_CODE_STRIPPING = YES;
				GENERATE_INFOPLIST_FILE = YES;
				IPHONEOS_DEPLOYMENT_TARGET = 26.2;
				MACOSX_DEPLOYMENT_TARGET = 26.2;
				MARKETING_VERSION = 1.0;
				PRODUCT_BUNDLE_IDENTIFIER = "idk.cam-camTests";
				PRODUCT_NAME = "$(TARGET_NAME)";
				SDKROOT = auto;
				STRING_CATALOG_GENERATE_SYMBOLS = NO;
				SUPPORTED_PLATFORMS = "iphoneos iphonesimulator macosx xros xrsimulator";
				SWIFT_APPROACHABLE_CONCURRENCY = YES;
				SWIFT_EMIT_LOC_STRINGS = NO;
				SWIFT_UPCOMING_FEATURE_MEMBER_IMPORT_VISIBILITY = YES;
				SWIFT_VERSION = 5.0;
				TARGETED_DEVICE_FAMILY = "1,2,7";
				TEST_HOST = "$(BUILT_PRODUCTS_DIR)/cam cam.app/$(BUNDLE_EXECUTABLE_FOLDER_PATH)/cam cam";
				XROS_DEPLOYMENT_TARGET = 26.2;
			};
			name = Release;
		};
		5A0E5BCF2F85C800003533AC /* Debug */ = {
			isa = XCBuildConfiguration;
			buildSettings = {
				CODE_SIGN_STYLE = Automatic;
				CURRENT_PROJECT_VERSION = 1;
				DEAD_CODE_STRIPPING = YES;
				GENERATE_INFOPLIST_FILE = YES;
				IPHONEOS_DEPLOYMENT_TARGET = 26.2;
				MACOSX_DEPLOYMENT_TARGET = 26.2;
				MARKETING_VERSION = 1.0;
				PRODUCT_BUNDLE_IDENTIFIER = "idk.cam-camUITests";
				PRODUCT_NAME = "$(TARGET_NAME)";
				SDKROOT = auto;
				STRING_CATALOG_GENERATE_SYMBOLS = NO;
				SUPPORTED_PLATFORMS = "iphoneos iphonesimulator macosx xros xrsimulator";
				SWIFT_APPROACHABLE_CONCURRENCY = YES;
				SWIFT_EMIT_LOC_STRINGS = NO;
				SWIFT_UPCOMING_FEATURE_MEMBER_IMPORT_VISIBILITY = YES;
				SWIFT_VERSION = 5.0;
				TARGETED_DEVICE_FAMILY = "1,2,7";
				TEST_TARGET_NAME = "cam cam";
				XROS_DEPLOYMENT_TARGET = 26.2;
			};
			name = Debug;
		};
		5A0E5BD02F85C800003533AC /* Release */ = {
			isa = XCBuildConfiguration;
			buildSettings = {
				CODE_SIGN_STYLE = Automatic;
				CURRENT_PROJECT_VERSION = 1;
				DEAD_CODE_STRIPPING = YES;
				GENERATE_INFOPLIST_FILE = YES;
				IPHONEOS_DEPLOYMENT_TARGET = 26.2;
				MACOSX_DEPLOYMENT_TARGET = 26.2;
				MARKETING_VERSION = 1.0;
				PRODUCT_BUNDLE_IDENTIFIER = "idk.cam-camUITests";
				PRODUCT_NAME = "$(TARGET_NAME)";
				SDKROOT = auto;
				STRING_CATALOG_GENERATE_SYMBOLS = NO;
				SUPPORTED_PLATFORMS = "iphoneos iphonesimulator macosx xros xrsimulator";
				SWIFT_APPROACHABLE_CONCURRENCY = YES;
				SWIFT_EMIT_LOC_STRINGS = NO;
				SWIFT_UPCOMING_FEATURE_MEMBER_IMPORT_VISIBILITY = YES;
				SWIFT_VERSION = 5.0;
				TARGETED_DEVICE_FAMILY = "1,2,7";
				TEST_TARGET_NAME = "cam cam";
				XROS_DEPLOYMENT_TARGET = 26.2;
			};
			name = Release;
		};
		5AD4B7602FAF718A00BFEAB0 /* Debug */ = {
			isa = XCBuildConfiguration;
			buildSettings = {
				ASSETCATALOG_COMPILER_APPICON_NAME = AppIcon;
				ASSETCATALOG_COMPILER_GLOBAL_ACCENT_COLOR_NAME = AccentColor;
				CODE_SIGN_STYLE = Automatic;
				CURRENT_PROJECT_VERSION = 1;
				DEVELOPMENT_TEAM = FHHURXNS32;
				ENABLE_PREVIEWS = YES;
				GENERATE_INFOPLIST_FILE = YES;
				INFOPLIST_KEY_CFBundleDisplayName = "cam cam Watch App";
				INFOPLIST_KEY_UISupportedInterfaceOrientations = "UIInterfaceOrientationPortrait UIInterfaceOrientationPortraitUpsideDown";
				INFOPLIST_KEY_WKCompanionAppBundleIdentifier = "idk.cam-cam";
				LD_RUNPATH_SEARCH_PATHS = (
					"$(inherited)",
					"@executable_path/Frameworks",
				);
				MARKETING_VERSION = 1.0;
				PRODUCT_BUNDLE_IDENTIFIER = "idk.cam-cam.watchkitapp";
				PRODUCT_NAME = "$(TARGET_NAME)";
				SDKROOT = watchos;
				SKIP_INSTALL = YES;
				STRING_CATALOG_GENERATE_SYMBOLS = YES;
				SWIFT_APPROACHABLE_CONCURRENCY = YES;
				SWIFT_DEFAULT_ACTOR_ISOLATION = MainActor;
				SWIFT_EMIT_LOC_STRINGS = YES;
				SWIFT_UPCOMING_FEATURE_MEMBER_IMPORT_VISIBILITY = YES;
				SWIFT_VERSION = 5.0;
				TARGETED_DEVICE_FAMILY = 4;
				WATCHOS_DEPLOYMENT_TARGET = 26.4;
			};
			name = Debug;
		};
		5AD4B7612FAF718A00BFEAB0 /* Release */ = {
			isa = XCBuildConfiguration;
			buildSettings = {
				ASSETCATALOG_COMPILER_APPICON_NAME = AppIcon;
				ASSETCATALOG_COMPILER_GLOBAL_ACCENT_COLOR_NAME = AccentColor;
				CODE_SIGN_STYLE = Automatic;
				CURRENT_PROJECT_VERSION = 1;
				DEVELOPMENT_TEAM = FHHURXNS32;
				ENABLE_PREVIEWS = YES;
				GENERATE_INFOPLIST_FILE = YES;
				INFOPLIST_KEY_CFBundleDisplayName = "cam cam Watch App";
				INFOPLIST_KEY_UISupportedInterfaceOrientations = "UIInterfaceOrientationPortrait UIInterfaceOrientationPortraitUpsideDown";
				INFOPLIST_KEY_WKCompanionAppBundleIdentifier = "idk.cam-cam";
				LD_RUNPATH_SEARCH_PATHS = (
					"$(inherited)",
					"@executable_path/Frameworks",
				);
				MARKETING_VERSION = 1.0;
				PRODUCT_BUNDLE_IDENTIFIER = "idk.cam-cam.watchkitapp";
				PRODUCT_NAME = "$(TARGET_NAME)";
				SDKROOT = watchos;
				SKIP_INSTALL = YES;
				STRING_CATALOG_GENERATE_SYMBOLS = YES;
				SWIFT_APPROACHABLE_CONCURRENCY = YES;
				SWIFT_DEFAULT_ACTOR_ISOLATION = MainActor;
				SWIFT_EMIT_LOC_STRINGS = YES;
				SWIFT_UPCOMING_FEATURE_MEMBER_IMPORT_VISIBILITY = YES;
				SWIFT_VERSION = 5.0;
				TARGETED_DEVICE_FAMILY = 4;
				VALIDATE_PRODUCT = YES;
				WATCHOS_DEPLOYMENT_TARGET = 26.4;
			};
			name = Release;
		};
		5AD4B7642FAF718A00BFEAB0 /* Debug */ = {
			isa = XCBuildConfiguration;
			buildSettings = {
				BUNDLE_LOADER = "$(TEST_HOST)";
				CODE_SIGN_STYLE = Automatic;
				CURRENT_PROJECT_VERSION = 1;
				DEVELOPMENT_TEAM = FHHURXNS32;
				GENERATE_INFOPLIST_FILE = YES;
				MARKETING_VERSION = 1.0;
				PRODUCT_BUNDLE_IDENTIFIER = "idk.cam-cam-Watch-App-Watch-AppTests";
				PRODUCT_NAME = "$(TARGET_NAME)";
				SDKROOT = watchos;
				STRING_CATALOG_GENERATE_SYMBOLS = NO;
				SWIFT_APPROACHABLE_CONCURRENCY = YES;
				SWIFT_EMIT_LOC_STRINGS = NO;
				SWIFT_UPCOMING_FEATURE_MEMBER_IMPORT_VISIBILITY = YES;
				SWIFT_VERSION = 5.0;
				TARGETED_DEVICE_FAMILY = 4;
				TEST_HOST = "$(BUILT_PRODUCTS_DIR)/cam cam Watch App Watch App.app/$(BUNDLE_EXECUTABLE_FOLDER_PATH)/cam cam Watch App Watch App";
				WATCHOS_DEPLOYMENT_TARGET = 26.4;
			};
			name = Debug;
		};
		5AD4B7652FAF718A00BFEAB0 /* Release */ = {
			isa = XCBuildConfiguration;
			buildSettings = {
				BUNDLE_LOADER = "$(TEST_HOST)";
				CODE_SIGN_STYLE = Automatic;
				CURRENT_PROJECT_VERSION = 1;
				DEVELOPMENT_TEAM = FHHURXNS32;
				GENERATE_INFOPLIST_FILE = YES;
				MARKETING_VERSION = 1.0;
				PRODUCT_BUNDLE_IDENTIFIER = "idk.cam-cam-Watch-App-Watch-AppTests";
				PRODUCT_NAME = "$(TARGET_NAME)";
				SDKROOT = watchos;
				STRING_CATALOG_GENERATE_SYMBOLS = NO;
				SWIFT_APPROACHABLE_CONCURRENCY = YES;
				SWIFT_EMIT_LOC_STRINGS = NO;
				SWIFT_UPCOMING_FEATURE_MEMBER_IMPORT_VISIBILITY = YES;
				SWIFT_VERSION = 5.0;
				TARGETED_DEVICE_FAMILY = 4;
				TEST_HOST = "$(BUILT_PRODUCTS_DIR)/cam cam Watch App Watch App.app/$(BUNDLE_EXECUTABLE_FOLDER_PATH)/cam cam Watch App Watch App";
				VALIDATE_PRODUCT = YES;
				WATCHOS_DEPLOYMENT_TARGET = 26.4;
			};
			name = Release;
		};
		5AD4B7672FAF718A00BFEAB0 /* Debug */ = {
			isa = XCBuildConfiguration;
			buildSettings = {
				CODE_SIGN_STYLE = Automatic;
				CURRENT_PROJECT_VERSION = 1;
				DEVELOPMENT_TEAM = FHHURXNS32;
				GENERATE_INFOPLIST_FILE = YES;
				MARKETING_VERSION = 1.0;
				PRODUCT_BUNDLE_IDENTIFIER = "idk.cam-cam-Watch-App-Watch-AppUITests";
				PRODUCT_NAME = "$(TARGET_NAME)";
				SDKROOT = watchos;
				STRING_CATALOG_GENERATE_SYMBOLS = NO;
				SWIFT_APPROACHABLE_CONCURRENCY = YES;
				SWIFT_EMIT_LOC_STRINGS = NO;
				SWIFT_UPCOMING_FEATURE_MEMBER_IMPORT_VISIBILITY = YES;
				SWIFT_VERSION = 5.0;
				TARGETED_DEVICE_FAMILY = 4;
				TEST_TARGET_NAME = "cam cam Watch App Watch App";
				WATCHOS_DEPLOYMENT_TARGET = 26.4;
			};
			name = Debug;
		};
		5AD4B7682FAF718A00BFEAB0 /* Release */ = {
			isa = XCBuildConfiguration;
			buildSettings = {
				CODE_SIGN_STYLE = Automatic;
				CURRENT_PROJECT_VERSION = 1;
				DEVELOPMENT_TEAM = FHHURXNS32;
				GENERATE_INFOPLIST_FILE = YES;
				MARKETING_VERSION = 1.0;
				PRODUCT_BUNDLE_IDENTIFIER = "idk.cam-cam-Watch-App-Watch-AppUITests";
				PRODUCT_NAME = "$(TARGET_NAME)";
				SDKROOT = watchos;
				STRING_CATALOG_GENERATE_SYMBOLS = NO;
				SWIFT_APPROACHABLE_CONCURRENCY = YES;
				SWIFT_EMIT_LOC_STRINGS = NO;
				SWIFT_UPCOMING_FEATURE_MEMBER_IMPORT_VISIBILITY = YES;
				SWIFT_VERSION = 5.0;
				TARGETED_DEVICE_FAMILY = 4;
				TEST_TARGET_NAME = "cam cam Watch App Watch App";
				VALIDATE_PRODUCT = YES;
				WATCHOS_DEPLOYMENT_TARGET = 26.4;
			};
			name = Release;
		};
/* End XCBuildConfiguration section */

/* Begin XCConfigurationList section */
		5A0E5BA22F85C7FD003533AC /* Build configuration list for PBXProject "cam cam" */ = {
			isa = XCConfigurationList;
			buildConfigurations = (
				5A0E5BC62F85C800003533AC /* Debug */,
				5A0E5BC72F85C800003533AC /* Release */,
			);
			defaultConfigurationIsVisible = 0;
			defaultConfigurationName = Release;
		};
		5A0E5BC82F85C800003533AC /* Build configuration list for PBXNativeTarget "cam cam" */ = {
			isa = XCConfigurationList;
			buildConfigurations = (
				5A0E5BC92F85C800003533AC /* Debug */,
				5A0E5BCA2F85C800003533AC /* Release */,
			);
			defaultConfigurationIsVisible = 0;
			defaultConfigurationName = Release;
		};
		5A0E5BCB2F85C800003533AC /* Build configuration list for PBXNativeTarget "cam camTests" */ = {
			isa = XCConfigurationList;
			buildConfigurations = (
				5A0E5BCC2F85C800003533AC /* Debug */,
				5A0E5BCD2F85C800003533AC /* Release */,
			);
			defaultConfigurationIsVisible = 0;
			defaultConfigurationName = Release;
		};
		5A0E5BCE2F85C800003533AC /* Build configuration list for PBXNativeTarget "cam camUITests" */ = {
			isa = XCConfigurationList;
			buildConfigurations = (
				5A0E5BCF2F85C800003533AC /* Debug */,
				5A0E5BD02F85C800003533AC /* Release */,
			);
			defaultConfigurationIsVisible = 0;
			defaultConfigurationName = Release;
		};
		5AD4B75F2FAF718A00BFEAB0 /* Build configuration list for PBXNativeTarget "cam cam Watch App Watch App" */ = {
			isa = XCConfigurationList;
			buildConfigurations = (
				5AD4B7602FAF718A00BFEAB0 /* Debug */,
				5AD4B7612FAF718A00BFEAB0 /* Release */,
			);
			defaultConfigurationIsVisible = 0;
			defaultConfigurationName = Release;
		};
		5AD4B7632FAF718A00BFEAB0 /* Build configuration list for PBXNativeTarget "cam cam Watch App Watch AppTests" */ = {
			isa = XCConfigurationList;
			buildConfigurations = (
				5AD4B7642FAF718A00BFEAB0 /* Debug */,
				5AD4B7652FAF718A00BFEAB0 /* Release */,
			);
			defaultConfigurationIsVisible = 0;
			defaultConfigurationName = Release;
		};
		5AD4B7662FAF718A00BFEAB0 /* Build configuration list for PBXNativeTarget "cam cam Watch App Watch AppUITests" */ = {
			isa = XCConfigurationList;
			buildConfigurations = (
				5AD4B7672FAF718A00BFEAB0 /* Debug */,
				5AD4B7682FAF718A00BFEAB0 /* Release */,
			);
			defaultConfigurationIsVisible = 0;
			defaultConfigurationName = Release;
		};
/* End XCConfigurationList section */
	};
	rootObject = 5A0E5B9F2F85C7FD003533AC /* Project object */;
}
